
Microsoft Visual Studio Solution File, Format Version 12.00
# Visual Studio Version 16
VisualStudioVersion = 16.0.29708.43
MinimumVisualStudioVersion = 10.0.40219.1
Project("{FAE04EC0-301F-11D3-BF4B-00C04F79EFBC}") = "ConsoleAppzhou", "ConsoleAppzhou\ConsoleAppzhou.csproj", "{A84290AF-63B1-4051-B4CA-259B4B6D9CA3}"
EndProject
Global
	GlobalSection(SolutionConfigurationPlatforms) = preSolution
		Debug|Any CPU = Debug|Any CPU
		Release|Any CPU = Release|Any CPU
	EndGlobalSection
	GlobalSection(ProjectConfigurationPlatforms) = postSolution
		{A84290AF-63B1-4051-B4CA-259B4B6D9CA3}.Debug|Any CPU.ActiveCfg = Debug|Any CPU
		{A84290AF-63B1-4051-B4CA-259B4B6D9CA3}.Debug|Any CPU.Build.0 = Debug|Any CPU
		{A84290AF-63B1-4051-B4CA-259B4B6D9CA3}.Release|Any CPU.ActiveCfg = Release|Any CPU
		{A84290AF-63B1-4051-B4CA-259B4B6D9CA3}.Release|Any CPU.Build.0 = Release|Any CPU
	EndGlobalSection
	GlobalSection(SolutionProperties) = preSolution
		HideSolutionNode = FALSE
	EndGlobalSection
	GlobalSection(ExtensibilityGlobals) = postSolution
		SolutionGuid = {B8A0981D-ACB9-4E23-A26C-4BA567E52503}
	EndGlobalSection
EndGlobal
